
Microsoft Visual Studio Solution File, Format Version 12.00
# Visual Studio Version 17
VisualStudioVersion = 17.5.33516.290
MinimumVisualStudioVersion = 10.0.40219.1
Project("{FAE04EC0-301F-11D3-BF4B-00C04F79EFBC}") = "ms-activedirectory-managedidentity", "ms-activedirectory-managedidentity\ms-activedirectory-managedidentity.csproj", "{DE448D81-0367-45DB-A341-20522B9FD557}"
EndProject
Global
	GlobalSection(SolutionConfigurationPlatforms) = preSolution
		Debug|Any CPU = Debug|Any CPU
		Release|Any CPU = Release|Any CPU
	EndGlobalSection
	GlobalSection(ProjectConfigurationPlatforms) = postSolution
		{DE448D81-0367-45DB-A341-20522B9FD557}.Debug|Any CPU.ActiveCfg = Debug|Any CPU
		{DE448D81-0367-45DB-A341-20522B9FD557}.Debug|Any CPU.Build.0 = Debug|Any CPU
		{DE448D81-0367-45DB-A341-20522B9FD557}.Release|Any CPU.ActiveCfg = Release|Any CPU
		{DE448D81-0367-45DB-A341-20522B9FD557}.Release|Any CPU.Build.0 = Release|Any CPU
	EndGlobalSection
	GlobalSection(SolutionProperties) = preSolution
		HideSolutionNode = FALSE
	EndGlobalSection
	GlobalSection(ExtensibilityGlobals) = postSolution
		SolutionGuid = {7C949877-15A3-4F8B-85E5-6AD9AEFB40BC}
	EndGlobalSection
EndGlobal
